
Microsoft Visual Studio Solution File, Format Version 12.00
# Visual Studio Version 16
VisualStudioVersion = 25.0.1704.5
MinimumVisualStudioVersion = 10.0.40219.1
Project("{FAE04EC0-301F-11D3-BF4B-00C04F79EFBC}") = "Puffin", "Puffin.csproj", "{93D8B398-7B56-4764-8FD8-902E6A57EF79}"
EndProject
Global
	GlobalSection(SolutionConfigurationPlatforms) = preSolution
		Debug|Any CPU = Debug|Any CPU
		Release|Any CPU = Release|Any CPU
	EndGlobalSection
	GlobalSection(ProjectConfigurationPlatforms) = postSolution
		{93D8B398-7B56-4764-8FD8-902E6A57EF79}.Debug|Any CPU.ActiveCfg = Debug|Any CPU
		{93D8B398-7B56-4764-8FD8-902E6A57EF79}.Debug|Any CPU.Build.0 = Debug|Any CPU
		{93D8B398-7B56-4764-8FD8-902E6A57EF79}.Release|Any CPU.ActiveCfg = Release|Any CPU
		{93D8B398-7B56-4764-8FD8-902E6A57EF79}.Release|Any CPU.Build.0 = Release|Any CPU
	EndGlobalSection
	GlobalSection(SolutionProperties) = preSolution
		HideSolutionNode = FALSE
	EndGlobalSection
	GlobalSection(ExtensibilityGlobals) = postSolution
		SolutionGuid = {2A5C617F-3508-43F5-9AC4-800CB06ECEBD}
	EndGlobalSection
EndGlobal
